
Microsoft Visual Studio Solution File, Format Version 12.00
# Visual Studio Version 17
VisualStudioVersion = 17.9.34902.65
MinimumVisualStudioVersion = 10.0.40219.1
Project("{2150E333-8FDC-42A3-9474-1A3956D46DE8}") = "src", "src", "{30ED91E0-940B-496C-A1B4-92EA113EFBE6}"
EndProject
Project("{2150E333-8FDC-42A3-9474-1A3956D46DE8}") = "1 - API", "1 - API", "{D8FCB17A-4FCE-4F56-8B12-619CD1D3D27F}"
EndProject
Project("{2150E333-8FDC-42A3-9474-1A3956D46DE8}") = "2 - Application", "2 - Application", "{9204152F-00F9-40E5-8DAC-FA81BCC8EF1A}"
EndProject
Project("{2150E333-8FDC-42A3-9474-1A3956D46DE8}") = "3 - Domain", "3 - Domain", "{5CB348A9-7269-45A3-9422-0FB6FFCD6E6D}"
EndProject
Project("{2150E333-8FDC-42A3-9474-1A3956D46DE8}") = "4 - Infrastructure", "4 - Infrastructure", "{2D420D7A-E9CA-472E-BBCD-38DEC24F97E6}"
EndProject
Project("{9A19103F-16F7-4668-BE54-9A1E7A4F7556}") = "MKL.Domain", "MKL.Domain\MKL.Domain.csproj", "{FEEB275F-6673-4E91-8AB9-F5801368D058}"
EndProject
Project("{9A19103F-16F7-4668-BE54-9A1E7A4F7556}") = "MKL.Infrastructure", "MKL.Infrastructure\MKL.Infrastructure.csproj", "{6BAB454B-512E-4EE6-A7E0-A2A28545B1D1}"
EndProject
Project("{9A19103F-16F7-4668-BE54-9A1E7A4F7556}") = "MKL.API", "MKL.API\MKL.API.csproj", "{A586F586-B6C1-48DD-8EC0-78F8E2397F0D}"
EndProject
Project("{9A19103F-16F7-4668-BE54-9A1E7A4F7556}") = "MKL.Application", "MKL.Application\MKL.Application.csproj", "{42BC0C28-9A52-47FA-9453-B43CCDC53887}"
EndProject
Project("{2150E333-8FDC-42A3-9474-1A3956D46DE8}") = "5 - Web", "5 - Web", "{3065AE58-4F4E-428A-86AE-F26897344106}"
EndProject
Project("{9A19103F-16F7-4668-BE54-9A1E7A4F7556}") = "MKL.Web", "MKL.Web\MKL.Web.csproj", "{A2FD200D-CA8B-434E-B310-8845CD933524}"
EndProject
Global
	GlobalSection(SolutionConfigurationPlatforms) = preSolution
		Debug|Any CPU = Debug|Any CPU
		Release|Any CPU = Release|Any CPU
	EndGlobalSection
	GlobalSection(ProjectConfigurationPlatforms) = postSolution
		{FEEB275F-6673-4E91-8AB9-F5801368D058}.Debug|Any CPU.ActiveCfg = Debug|Any CPU
		{FEEB275F-6673-4E91-8AB9-F5801368D058}.Debug|Any CPU.Build.0 = Debug|Any CPU
		{FEEB275F-6673-4E91-8AB9-F5801368D058}.Release|Any CPU.ActiveCfg = Release|Any CPU
		{FEEB275F-6673-4E91-8AB9-F5801368D058}.Release|Any CPU.Build.0 = Release|Any CPU
		{6BAB454B-512E-4EE6-A7E0-A2A28545B1D1}.Debug|Any CPU.ActiveCfg = Debug|Any CPU
		{6BAB454B-512E-4EE6-A7E0-A2A28545B1D1}.Debug|Any CPU.Build.0 = Debug|Any CPU
		{6BAB454B-512E-4EE6-A7E0-A2A28545B1D1}.Release|Any CPU.ActiveCfg = Release|Any CPU
		{6BAB454B-512E-4EE6-A7E0-A2A28545B1D1}.Release|Any CPU.Build.0 = Release|Any CPU
		{A586F586-B6C1-48DD-8EC0-78F8E2397F0D}.Debug|Any CPU.ActiveCfg = Debug|Any CPU
		{A586F586-B6C1-48DD-8EC0-78F8E2397F0D}.Debug|Any CPU.Build.0 = Debug|Any CPU
		{A586F586-B6C1-48DD-8EC0-78F8E2397F0D}.Release|Any CPU.ActiveCfg = Release|Any CPU
		{A586F586-B6C1-48DD-8EC0-78F8E2397F0D}.Release|Any CPU.Build.0 = Release|Any CPU
		{42BC0C28-9A52-47FA-9453-B43CCDC53887}.Debug|Any CPU.ActiveCfg = Debug|Any CPU
		{42BC0C28-9A52-47FA-9453-B43CCDC53887}.Debug|Any CPU.Build.0 = Debug|Any CPU
		{42BC0C28-9A52-47FA-9453-B43CCDC53887}.Release|Any CPU.ActiveCfg = Release|Any CPU
		{42BC0C28-9A52-47FA-9453-B43CCDC53887}.Release|Any CPU.Build.0 = Release|Any CPU
		{A2FD200D-CA8B-434E-B310-8845CD933524}.Debug|Any CPU.ActiveCfg = Debug|Any CPU
		{A2FD200D-CA8B-434E-B310-8845CD933524}.Debug|Any CPU.Build.0 = Debug|Any CPU
		{A2FD200D-CA8B-434E-B310-8845CD933524}.Release|Any CPU.ActiveCfg = Release|Any CPU
		{A2FD200D-CA8B-434E-B310-8845CD933524}.Release|Any CPU.Build.0 = Release|Any CPU
	EndGlobalSection
	GlobalSection(SolutionProperties) = preSolution
		HideSolutionNode = FALSE
	EndGlobalSection
	GlobalSection(NestedProjects) = preSolution
		{D8FCB17A-4FCE-4F56-8B12-619CD1D3D27F} = {30ED91E0-940B-496C-A1B4-92EA113EFBE6}
		{9204152F-00F9-40E5-8DAC-FA81BCC8EF1A} = {30ED91E0-940B-496C-A1B4-92EA113EFBE6}
		{5CB348A9-7269-45A3-9422-0FB6FFCD6E6D} = {30ED91E0-940B-496C-A1B4-92EA113EFBE6}
		{2D420D7A-E9CA-472E-BBCD-38DEC24F97E6} = {30ED91E0-940B-496C-A1B4-92EA113EFBE6}
		{FEEB275F-6673-4E91-8AB9-F5801368D058} = {5CB348A9-7269-45A3-9422-0FB6FFCD6E6D}
		{6BAB454B-512E-4EE6-A7E0-A2A28545B1D1} = {2D420D7A-E9CA-472E-BBCD-38DEC24F97E6}
		{A586F586-B6C1-48DD-8EC0-78F8E2397F0D} = {D8FCB17A-4FCE-4F56-8B12-619CD1D3D27F}
		{42BC0C28-9A52-47FA-9453-B43CCDC53887} = {9204152F-00F9-40E5-8DAC-FA81BCC8EF1A}
		{3065AE58-4F4E-428A-86AE-F26897344106} = {30ED91E0-940B-496C-A1B4-92EA113EFBE6}
		{A2FD200D-CA8B-434E-B310-8845CD933524} = {3065AE58-4F4E-428A-86AE-F26897344106}
	EndGlobalSection
	GlobalSection(ExtensibilityGlobals) = postSolution
		SolutionGuid = {34D623D8-6E9F-4E74-86A0-406E2AB45BD7}
	EndGlobalSection
EndGlobal
